
Microsoft Visual Studio Solution File, Format Version 12.00
# Visual Studio Version 17
VisualStudioVersion = 17.14.36127.28
MinimumVisualStudioVersion = 10.0.40219.1
Project("{FAE04EC0-301F-11D3-BF4B-00C04F79EFBC}") = "01.SignOfIntegerNumbers", "01.SignOfIntegerNumbers\01.SignOfIntegerNumbers.csproj", "{E3D478FD-9399-4D09-B678-94F95FE89E34}"
EndProject
Project("{FAE04EC0-301F-11D3-BF4B-00C04F79EFBC}") = "02.Grades", "02.Grades\02.Grades.csproj", "{410EA6CA-18F9-444F-B9F7-46F9BADD3C0E}"
EndProject
Project("{FAE04EC0-301F-11D3-BF4B-00C04F79EFBC}") = "03.Calculations", "03.Calculations\03.Calculations.csproj", "{B4537A2A-AC03-46EE-97BE-A68C385E668C}"
EndProject
Project("{FAE04EC0-301F-11D3-BF4B-00C04F79EFBC}") = "04.PrintingTriangle", "04.PrintingTriangle\04.PrintingTriangle.csproj", "{15579923-1533-454D-92A7-EBC275853079}"
EndProject
Project("{FAE04EC0-301F-11D3-BF4B-00C04F79EFBC}") = "05.Orders", "05.Orders\05.Orders.csproj", "{41582384-B75D-4506-9D5E-2D5169593767}"
EndProject
Project("{FAE04EC0-301F-11D3-BF4B-00C04F79EFBC}") = "06.CalculateRectangleArea", "06.CalculateRectangleArea\06.CalculateRectangleArea.csproj", "{FF4F11D8-635C-4F37-887C-173A9C89E24C}"
EndProject
Project("{FAE04EC0-301F-11D3-BF4B-00C04F79EFBC}") = "07.RepeatString", "07.RepeatString\07.RepeatString.csproj", "{B24E03F4-4D9D-4108-8C44-03978FF08082}"
EndProject
Project("{FAE04EC0-301F-11D3-BF4B-00C04F79EFBC}") = "08.MathPower", "08.MathPower\08.MathPower.csproj", "{E5029BD9-8F95-4E63-A2B3-AA5F24C8D43A}"
EndProject
Project("{FAE04EC0-301F-11D3-BF4B-00C04F79EFBC}") = "09.GreaterОfTwoValues", "09.GreaterОfTwoValues\09.GreaterОfTwoValues.csproj", "{157B3F4B-AFF4-417F-8519-A289985EBD7E}"
EndProject
Global
	GlobalSection(SolutionConfigurationPlatforms) = preSolution
		Debug|Any CPU = Debug|Any CPU
		Release|Any CPU = Release|Any CPU
	EndGlobalSection
	GlobalSection(ProjectConfigurationPlatforms) = postSolution
		{E3D478FD-9399-4D09-B678-94F95FE89E34}.Debug|Any CPU.ActiveCfg = Debug|Any CPU
		{E3D478FD-9399-4D09-B678-94F95FE89E34}.Debug|Any CPU.Build.0 = Debug|Any CPU
		{E3D478FD-9399-4D09-B678-94F95FE89E34}.Release|Any CPU.ActiveCfg = Release|Any CPU
		{E3D478FD-9399-4D09-B678-94F95FE89E34}.Release|Any CPU.Build.0 = Release|Any CPU
		{410EA6CA-18F9-444F-B9F7-46F9BADD3C0E}.Debug|Any CPU.ActiveCfg = Debug|Any CPU
		{410EA6CA-18F9-444F-B9F7-46F9BADD3C0E}.Debug|Any CPU.Build.0 = Debug|Any CPU
		{410EA6CA-18F9-444F-B9F7-46F9BADD3C0E}.Release|Any CPU.ActiveCfg = Release|Any CPU
		{410EA6CA-18F9-444F-B9F7-46F9BADD3C0E}.Release|Any CPU.Build.0 = Release|Any CPU
		{B4537A2A-AC03-46EE-97BE-A68C385E668C}.Debug|Any CPU.ActiveCfg = Debug|Any CPU
		{B4537A2A-AC03-46EE-97BE-A68C385E668C}.Debug|Any CPU.Build.0 = Debug|Any CPU
		{B4537A2A-AC03-46EE-97BE-A68C385E668C}.Release|Any CPU.ActiveCfg = Release|Any CPU
		{B4537A2A-AC03-46EE-97BE-A68C385E668C}.Release|Any CPU.Build.0 = Release|Any CPU
		{15579923-1533-454D-92A7-EBC275853079}.Debug|Any CPU.ActiveCfg = Debug|Any CPU
		{15579923-1533-454D-92A7-EBC275853079}.Debug|Any CPU.Build.0 = Debug|Any CPU
		{15579923-1533-454D-92A7-EBC275853079}.Release|Any CPU.ActiveCfg = Release|Any CPU
		{15579923-1533-454D-92A7-EBC275853079}.Release|Any CPU.Build.0 = Release|Any CPU
		{41582384-B75D-4506-9D5E-2D5169593767}.Debug|Any CPU.ActiveCfg = Debug|Any CPU
		{41582384-B75D-4506-9D5E-2D5169593767}.Debug|Any CPU.Build.0 = Debug|Any CPU
		{41582384-B75D-4506-9D5E-2D5169593767}.Release|Any CPU.ActiveCfg = Release|Any CPU
		{41582384-B75D-4506-9D5E-2D5169593767}.Release|Any CPU.Build.0 = Release|Any CPU
		{FF4F11D8-635C-4F37-887C-173A9C89E24C}.Debug|Any CPU.ActiveCfg = Debug|Any CPU
		{FF4F11D8-635C-4F37-887C-173A9C89E24C}.Debug|Any CPU.Build.0 = Debug|Any CPU
		{FF4F11D8-635C-4F37-887C-173A9C89E24C}.Release|Any CPU.ActiveCfg = Release|Any CPU
		{FF4F11D8-635C-4F37-887C-173A9C89E24C}.Release|Any CPU.Build.0 = Release|Any CPU
		{B24E03F4-4D9D-4108-8C44-03978FF08082}.Debug|Any CPU.ActiveCfg = Debug|Any CPU
		{B24E03F4-4D9D-4108-8C44-03978FF08082}.Debug|Any CPU.Build.0 = Debug|Any CPU
		{B24E03F4-4D9D-4108-8C44-03978FF08082}.Release|Any CPU.ActiveCfg = Release|Any CPU
		{B24E03F4-4D9D-4108-8C44-03978FF08082}.Release|Any CPU.Build.0 = Release|Any CPU
		{E5029BD9-8F95-4E63-A2B3-AA5F24C8D43A}.Debug|Any CPU.ActiveCfg = Debug|Any CPU
		{E5029BD9-8F95-4E63-A2B3-AA5F24C8D43A}.Debug|Any CPU.Build.0 = Debug|Any CPU
		{E5029BD9-8F95-4E63-A2B3-AA5F24C8D43A}.Release|Any CPU.ActiveCfg = Release|Any CPU
		{E5029BD9-8F95-4E63-A2B3-AA5F24C8D43A}.Release|Any CPU.Build.0 = Release|Any CPU
		{157B3F4B-AFF4-417F-8519-A289985EBD7E}.Debug|Any CPU.ActiveCfg = Debug|Any CPU
		{157B3F4B-AFF4-417F-8519-A289985EBD7E}.Debug|Any CPU.Build.0 = Debug|Any CPU
		{157B3F4B-AFF4-417F-8519-A289985EBD7E}.Release|Any CPU.ActiveCfg = Release|Any CPU
		{157B3F4B-AFF4-417F-8519-A289985EBD7E}.Release|Any CPU.Build.0 = Release|Any CPU
	EndGlobalSection
	GlobalSection(SolutionProperties) = preSolution
		HideSolutionNode = FALSE
	EndGlobalSection
	GlobalSection(ExtensibilityGlobals) = postSolution
		SolutionGuid = {50D648FE-58A1-468C-9B2F-63DE513A2B96}
	EndGlobalSection
EndGlobal
